
Microsoft Visual Studio Solution File, Format Version 11.00
# Visual Studio 2010
Project("{FAE04EC0-301F-11D3-BF4B-00C04F79EFBC}") = "su", "su.csproj", "{35E9D8CA-1A3D-45F9-839A-CB035A1E5C7A}"
EndProject
Project("{FAE04EC0-301F-11D3-BF4B-00C04F79EFBC}") = "sudo", "..\..\sudo\sudo\sudo.csproj", "{1766863E-4951-4235-A844-4CAE3885C1DE}"
EndProject
Global
	GlobalSection(SolutionConfigurationPlatforms) = preSolution
		Debug|x86 = Debug|x86
		Release|x86 = Release|x86
	EndGlobalSection
	GlobalSection(ProjectConfigurationPlatforms) = postSolution
		{1766863E-4951-4235-A844-4CAE3885C1DE}.Debug|x86.ActiveCfg = Debug|x86
		{1766863E-4951-4235-A844-4CAE3885C1DE}.Debug|x86.Build.0 = Debug|x86
		{1766863E-4951-4235-A844-4CAE3885C1DE}.Release|x86.ActiveCfg = Release|x86
		{1766863E-4951-4235-A844-4CAE3885C1DE}.Release|x86.Build.0 = Release|x86
		{35E9D8CA-1A3D-45F9-839A-CB035A1E5C7A}.Debug|x86.ActiveCfg = Debug|x86
		{35E9D8CA-1A3D-45F9-839A-CB035A1E5C7A}.Debug|x86.Build.0 = Debug|x86
		{35E9D8CA-1A3D-45F9-839A-CB035A1E5C7A}.Release|x86.ActiveCfg = Release|x86
		{35E9D8CA-1A3D-45F9-839A-CB035A1E5C7A}.Release|x86.Build.0 = Release|x86
	EndGlobalSection
	GlobalSection(MonoDevelopProperties) = preSolution
		StartupItem = su.csproj
	EndGlobalSection
EndGlobal
